github.com/blang/semver v3.5.1+incompatible h1:cQNTCjp13qL8KC3Nbxr/y2Bqb63oX6wdnnjpJbkM4JQ=
github.com/blang/semver v3.5.1+incompatible/go.mod h1:kRBLl5iJ+tD4TcOOxsy/0fnwebNt5EWlYSAyrTnjyyk=
github.com/inspektor-gadget/inspektor-gadget v0.40.1-0.20250507120101-af92ca716686 h1:BO/Tds+j/87AfukA3AePH0I/U9a6ywUAOkaNeAIX4AI=
github.com/inspektor-gadget/inspektor-gadget v0.40.1-0.20250507120101-af92ca716686/go.mod h1:W6tNNRa3QDFdrknnOnavk+HD8FI/XUGY6tY6PSonhAk=
